// !$*UTF8*$!
{
	archiveVersion = 1;
	classes = {
	};
	objectVersion = 50;
	objects = {

/* Begin PBXBuildFile section */
		524EA73D22C8E99300ED1392 /* AppDelegate.swift in Sources */ = {isa = PBXBuildFile; fileRef = 524EA73C22C8E99300ED1392 /* AppDelegate.swift */; };
		524EA73F22C8E99300ED1392 /* ViewController.swift in Sources */ = {isa = PBXBuildFile; fileRef = 524EA73E22C8E99300ED1392 /* ViewController.swift */; };
		524EA74222C8E99300ED1392 /* Main.storyboard in Resources */ = {isa = PBXBuildFile; fileRef = 524EA74022C8E99300ED1392 /* Main.storyboard */; };
		524EA74422C8E99400ED1392 /* Assets.xcassets in Resources */ = {isa = PBXBuildFile; fileRef = 524EA74322C8E99400ED1392 /* Assets.xcassets */; };
		524EA74722C8E99400ED1392 /* LaunchScreen.storyboard in Resources */ = {isa = PBXBuildFile; fileRef = 524EA74522C8E99400ED1392 /* LaunchScreen.storyboard */; };
		524EA75222C8E99400ED1392 /* ____Tests.swift in Sources */ = {isa = PBXBuildFile; fileRef = 524EA75122C8E99400ED1392 /* ____Tests.swift */; };
		524EA75D22C8E99400ED1392 /* ____UITests.swift in Sources */ = {isa = PBXBuildFile; fileRef = 524EA75C22C8E99400ED1392 /* ____UITests.swift */; };
/* End PBXBuildFile section */

/* Begin PBXContainerItemProxy section */
		524EA74E22C8E99400ED1392 /* PBXContainerItemProxy */ = {
			isa = PBXContainerItemProxy;
			containerPortal = 524EA73122C8E99300ED1392 /* Project object */;
			proxyType = 1;
			remoteGlobalIDString = 524EA73822C8E99300ED1392;
			remoteInfo = "アプリ";
		};
		524EA75922C8E99400ED1392 /* PBXContainerItemProxy */ = {
			isa = PBXContainerItemProxy;
			containerPortal = 524EA73122C8E99300ED1392 /* Project object */;
			proxyType = 1;
			remoteGlobalIDString = 524EA73822C8E99300ED1392;
			remoteInfo = "アプリ";
		};
/* End PBXContainerItemProxy section */

/* Begin PBXFileReference section */
		524EA73922C8E99300ED1392 /* アプリ.app */ = {isa = PBXFileReference; explicitFileType = wrapper.application; includeInIndex = 0; path = "アプリ.app"; sourceTree = BUILT_PRODUCTS_DIR; };
		524EA73C22C8E99300ED1392 /* AppDelegate.swift */ = {isa = PBXFileReference; lastKnownFileType = sourcecode.swift; path = AppDelegate.swift; sourceTree = "<group>"; };
		524EA73E22C8E99300ED1392 /* ViewController.swift */ = {isa = PBXFileReference; lastKnownFileType = sourcecode.swift; path = ViewController.swift; sourceTree = "<group>"; };
		524EA74122C8E99300ED1392 /* Base */ = {isa = PBXFileReference; lastKnownFileType = file.storyboard; name = Base; path = Base.lproj/Main.storyboard; sourceTree = "<group>"; };
		524EA74322C8E99400ED1392 /* Assets.xcassets */ = {isa = PBXFileReference; lastKnownFileType = folder.assetcatalog; path = Assets.xcassets; sourceTree = "<group>"; };
		524EA74622C8E99400ED1392 /* Base */ = {isa = PBXFileReference; lastKnownFileType = file.storyboard; name = Base; path = Base.lproj/LaunchScreen.storyboard; sourceTree = "<group>"; };
		524EA74822C8E99400ED1392 /* Info.plist */ = {isa = PBXFileReference; lastKnownFileType = text.plist.xml; path = Info.plist; sourceTree = "<group>"; };
		524EA74D22C8E99400ED1392 /* アプリTests.xctest */ = {isa = PBXFileReference; explicitFileType = wrapper.cfbundle; includeInIndex = 0; path = "アプリTests.xctest"; sourceTree = BUILT_PRODUCTS_DIR; };
		524EA75122C8E99400ED1392 /* ____Tests.swift */ = {isa = PBXFileReference; lastKnownFileType = sourcecode.swift; path = "____Tests.swift"; sourceTree = "<group>"; };
		524EA75322C8E99400ED1392 /* Info.plist */ = {isa = PBXFileReference; lastKnownFileType = text.plist.xml; path = Info.plist; sourceTree = "<group>"; };
		524EA75822C8E99400ED1392 /* アプリUITests.xctest */ = {isa = PBXFileReference; explicitFileType = wrapper.cfbundle; includeInIndex = 0; path = "アプリUITests.xctest"; sourceTree = BUILT_PRODUCTS_DIR; };
		524EA75C22C8E99400ED1392 /* ____UITests.swift */ = {isa = PBXFileReference; lastKnownFileType = sourcecode.swift; path = "____UITests.swift"; sourceTree = "<group>"; };
		524EA75E22C8E99400ED1392 /* Info.plist */ = {isa = PBXFileReference; lastKnownFileType = text.plist.xml; path = Info.plist; sourceTree = "<group>"; };
/* End PBXFileReference section */

/* Begin PBXFrameworksBuildPhase section */
		524EA73622C8E99300ED1392 /* Frameworks */ = {
			isa = PBXFrameworksBuildPhase;
			buildActionMask = 2147483647;
			files = (
			);
			runOnlyForDeploymentPostprocessing = 0;
		};
		524EA74A22C8E99400ED1392 /* Frameworks */ = {
			isa = PBXFrameworksBuildPhase;
			buildActionMask = 2147483647;
			files = (
			);
			runOnlyForDeploymentPostprocessing = 0;
		};
		524EA75522C8E99400ED1392 /* Frameworks */ = {
			isa = PBXFrameworksBuildPhase;
			buildActionMask = 2147483647;
			files = (
			);
			runOnlyForDeploymentPostprocessing = 0;
		};
/* End PBXFrameworksBuildPhase section */

/* Begin PBXGroup section */
		524EA73022C8E99300ED1392 = {
			isa = PBXGroup;
			children = (
				524EA73B22C8E99300ED1392 /* アプリ */,
				524EA75022C8E99400ED1392 /* アプリTests */,
				524EA75B22C8E99400ED1392 /* アプリUITests */,
				524EA73A22C8E99300ED1392 /* Products */,
			);
			sourceTree = "<group>";
		};
		524EA73A22C8E99300ED1392 /* Products */ = {
			isa = PBXGroup;
			children = (
				524EA73922C8E99300ED1392 /* アプリ.app */,
				524EA74D22C8E99400ED1392 /* アプリTests.xctest */,
				524EA75822C8E99400ED1392 /* アプリUITests.xctest */,
			);
			name = Products;
			sourceTree = "<group>";
		};
		524EA73B22C8E99300ED1392 /* アプリ */ = {
			isa = PBXGroup;
			children = (
				524EA73C22C8E99300ED1392 /* AppDelegate.swift */,
				524EA73E22C8E99300ED1392 /* ViewController.swift */,
				524EA74022C8E99300ED1392 /* Main.storyboard */,
				524EA74322C8E99400ED1392 /* Assets.xcassets */,
				524EA74522C8E99400ED1392 /* LaunchScreen.storyboard */,
				524EA74822C8E99400ED1392 /* Info.plist */,
			);
			path = "アプリ";
			sourceTree = "<group>";
		};
		524EA75022C8E99400ED1392 /* アプリTests */ = {
			isa = PBXGroup;
			children = (
				524EA75122C8E99400ED1392 /* ____Tests.swift */,
				524EA75322C8E99400ED1392 /* Info.plist */,
			);
			path = "アプリTests";
			sourceTree = "<group>";
		};
		524EA75B22C8E99400ED1392 /* アプリUITests */ = {
			isa = PBXGroup;
			children = (
				524EA75C22C8E99400ED1392 /* ____UITests.swift */,
				524EA75E22C8E99400ED1392 /* Info.plist */,
			);
			path = "アプリUITests";
			sourceTree = "<group>";
		};
/* End PBXGroup section */

/* Begin PBXNativeTarget section */
		524EA73822C8E99300ED1392 /* アプリ */ = {
			isa = PBXNativeTarget;
			buildConfigurationList = 524EA76122C8E99400ED1392 /* Build configuration list for PBXNativeTarget "アプリ" */;
			buildPhases = (
				524EA73522C8E99300ED1392 /* Sources */,
				524EA73622C8E99300ED1392 /* Frameworks */,
				524EA73722C8E99300ED1392 /* Resources */,
			);
			buildRules = (
			);
			dependencies = (
			);
			name = "アプリ";
			productName = "アプリ";
			productReference = 524EA73922C8E99300ED1392 /* アプリ.app */;
			productType = "com.apple.product-type.application";
		};
		524EA74C22C8E99400ED1392 /* アプリTests */ = {
			isa = PBXNativeTarget;
			buildConfigurationList = 524EA76422C8E99400ED1392 /* Build configuration list for PBXNativeTarget "アプリTests" */;
			buildPhases = (
				524EA74922C8E99400ED1392 /* Sources */,
				524EA74A22C8E99400ED1392 /* Frameworks */,
				524EA74B22C8E99400ED1392 /* Resources */,
			);
			buildRules = (
			);
			dependencies = (
				524EA74F22C8E99400ED1392 /* PBXTargetDependency */,
			);
			name = "アプリTests";
			productName = "アプリTests";
			productReference = 524EA74D22C8E99400ED1392 /* アプリTests.xctest */;
			productType = "com.apple.product-type.bundle.unit-test";
		};
		524EA75722C8E99400ED1392 /* アプリUITests */ = {
			isa = PBXNativeTarget;
			buildConfigurationList = 524EA76722C8E99400ED1392 /* Build configuration list for PBXNativeTarget "アプリUITests" */;
			buildPhases = (
				524EA75422C8E99400ED1392 /* Sources */,
				524EA75522C8E99400ED1392 /* Frameworks */,
				524EA75622C8E99400ED1392 /* Resources */,
			);
			buildRules = (
			);
			dependencies = (
				524EA75A22C8E99400ED1392 /* PBXTargetDependency */,
			);
			name = "アプリUITests";
			productName = "アプリUITests";
			productReference = 524EA75822C8E99400ED1392 /* アプリUITests.xctest */;
			productType = "com.apple.product-type.bundle.ui-testing";
		};
/* End PBXNativeTarget section */

/* Begin PBXProject section */
		524EA73122C8E99300ED1392 /* Project object */ = {
			isa = PBXProject;
			attributes = {
				LastSwiftUpdateCheck = 1020;
				LastUpgradeCheck = 1020;
				ORGANIZATIONNAME = "芳賀和樹";
				TargetAttributes = {
					524EA73822C8E99300ED1392 = {
						CreatedOnToolsVersion = 10.2.1;
					};
					524EA74C22C8E99400ED1392 = {
						CreatedOnToolsVersion = 10.2.1;
						TestTargetID = 524EA73822C8E99300ED1392;
					};
					524EA75722C8E99400ED1392 = {
						CreatedOnToolsVersion = 10.2.1;
						TestTargetID = 524EA73822C8E99300ED1392;
					};
				};
			};
			buildConfigurationList = 524EA73422C8E99300ED1392 /* Build configuration list for PBXProject "アプリ" */;
			compatibilityVersion = "Xcode 9.3";
			developmentRegion = en;
			hasScannedForEncodings = 0;
			knownRegions = (
				en,
				Base,
			);
			mainGroup = 524EA73022C8E99300ED1392;
			productRefGroup = 524EA73A22C8E99300ED1392 /* Products */;
			projectDirPath = "";
			projectRoot = "";
			targets = (
				524EA73822C8E99300ED1392 /* アプリ */,
				524EA74C22C8E99400ED1392 /* アプリTests */,
				524EA75722C8E99400ED1392 /* アプリUITests */,
			);
		};
/* End PBXProject section */

/* Begin PBXResourcesBuildPhase section */
		524EA73722C8E99300ED1392 /* Resources */ = {
			isa = PBXResourcesBuildPhase;
			buildActionMask = 2147483647;
			files = (
				524EA74722C8E99400ED1392 /* LaunchScreen.storyboard in Resources */,
				524EA74422C8E99400ED1392 /* Assets.xcassets in Resources */,
				524EA74222C8E99300ED1392 /* Main.storyboard in Resources */,
			);
			runOnlyForDeploymentPostprocessing = 0;
		};
		524EA74B22C8E99400ED1392 /* Resources */ = {
			isa = PBXResourcesBuildPhase;
			buildActionMask = 2147483647;
			files = (
			);
			runOnlyForDeploymentPostprocessing = 0;
		};
		524EA75622C8E99400ED1392 /* Resources */ = {
			isa = PBXResourcesBuildPhase;
			buildActionMask = 2147483647;
			files = (
			);
			runOnlyForDeploymentPostprocessing = 0;
		};
/* End PBXResourcesBuildPhase section */

/* Begin PBXSourcesBuildPhase section */
		524EA73522C8E99300ED1392 /* Sources */ = {
			isa = PBXSourcesBuildPhase;
			buildActionMask = 2147483647;
			files = (
				524EA73F22C8E99300ED1392 /* ViewController.swift in Sources */,
				524EA73D22C8E99300ED1392 /* AppDelegate.swift in Sources */,
			);
			runOnlyForDeploymentPostprocessing = 0;
		};
		524EA74922C8E99400ED1392 /* Sources */ = {
			isa = PBXSourcesBuildPhase;
			buildActionMask = 2147483647;
			files = (
				524EA75222C8E99400ED1392 /* ____Tests.swift in Sources */,
			);
			runOnlyForDeploymentPostprocessing = 0;
		};
		524EA75422C8E99400ED1392 /* Sources */ = {
			isa = PBXSourcesBuildPhase;
			buildActionMask = 2147483647;
			files = (
				524EA75D22C8E99400ED1392 /* ____UITests.swift in Sources */,
			);
			runOnlyForDeploymentPostprocessing = 0;
		};
/* End PBXSourcesBuildPhase section */

/* Begin PBXTargetDependency section */
		524EA74F22C8E99400ED1392 /* PBXTargetDependency */ = {
			isa = PBXTargetDependency;
			target = 524EA73822C8E99300ED1392 /* アプリ */;
			targetProxy = 524EA74E22C8E99400ED1392 /* PBXContainerItemProxy */;
		};
		524EA75A22C8E99400ED1392 /* PBXTargetDependency */ = {
			isa = PBXTargetDependency;
			target = 524EA73822C8E99300ED1392 /* アプリ */;
			targetProxy = 524EA75922C8E99400ED1392 /* PBXContainerItemProxy */;
		};
/* End PBXTargetDependency section */

/* Begin PBXVariantGroup section */
		524EA74022C8E99300ED1392 /* Main.storyboard */ = {
			isa = PBXVariantGroup;
			children = (
				524EA74122C8E99300ED1392 /* Base */,
			);
			name = Main.storyboard;
			sourceTree = "<group>";
		};
		524EA74522C8E99400ED1392 /* LaunchScreen.storyboard */ = {
			isa = PBXVariantGroup;
			children = (
				524EA74622C8E99400ED1392 /* Base */,
			);
			name = LaunchScreen.storyboard;
			sourceTree = "<group>";
		};
/* End PBXVariantGroup section */

/* Begin XCBuildConfiguration section */
		524EA75F22C8E99400ED1392 /* Debug */ = {
			isa = XCBuildConfiguration;
			buildSettings = {
				ALWAYS_SEARCH_USER_PATHS = NO;
				CLANG_ANALYZER_NONNULL = YES;
				CLANG_ANALYZER_NUMBER_OBJECT_CONVERSION = YES_AGGRESSIVE;
				CLANG_CXX_LANGUAGE_STANDARD = "gnu++14";
				CLANG_CXX_LIBRARY = "libc++";
				CLANG_ENABLE_MODULES = YES;
				CLANG_ENABLE_OBJC_ARC = YES;
				CLANG_ENABLE_OBJC_WEAK = YES;
				CLANG_WARN_BLOCK_CAPTURE_AUTORELEASING = YES;
				CLANG_WARN_BOOL_CONVERSION = YES;
				CLANG_WARN_COMMA = YES;
				CLANG_WARN_CONSTANT_CONVERSION = YES;
				CLANG_WARN_DEPRECATED_OBJC_IMPLEMENTATIONS = YES;
				CLANG_WARN_DIRECT_OBJC_ISA_USAGE = YES_ERROR;
				CLANG_WARN_DOCUMENTATION_COMMENTS = YES;
				CLANG_WARN_EMPTY_BODY = YES;
				CLANG_WARN_ENUM_CONVERSION = YES;
				CLANG_WARN_INFINITE_RECURSION = YES;
				CLANG_WARN_INT_CONVERSION = YES;
				CLANG_WARN_NON_LITERAL_NULL_CONVERSION = YES;
				CLANG_WARN_OBJC_IMPLICIT_RETAIN_SELF = YES;
				CLANG_WARN_OBJC_LITERAL_CONVERSION = YES;
				CLANG_WARN_OBJC_ROOT_CLASS = YES_ERROR;
				CLANG_WARN_RANGE_LOOP_ANALYSIS = YES;
				CLANG_WARN_STRICT_PROTOTYPES = YES;
				CLANG_WARN_SUSPICIOUS_MOVE = YES;
				CLANG_WARN_UNGUARDED_AVAILABILITY = YES_AGGRESSIVE;
				CLANG_WARN_UNREACHABLE_CODE = YES;
				CLANG_WARN__DUPLICATE_METHOD_MATCH = YES;
				CODE_SIGN_IDENTITY = "iPhone Developer";
				COPY_PHASE_STRIP = NO;
				DEBUG_INFORMATION_FORMAT = dwarf;
				ENABLE_STRICT_OBJC_MSGSEND = YES;
				ENABLE_TESTABILITY = YES;
				GCC_C_LANGUAGE_STANDARD = gnu11;
				GCC_DYNAMIC_NO_PIC = NO;
				GCC_NO_COMMON_BLOCKS = YES;
				GCC_OPTIMIZATION_LEVEL = 0;
				GCC_PREPROCESSOR_DEFINITIONS = (
					"DEBUG=1",
					"$(inherited)",
				);
				GCC_WARN_64_TO_32_BIT_CONVERSION = YES;
				GCC_WARN_ABOUT_RETURN_TYPE = YES_ERROR;
				GCC_WARN_UNDECLARED_SELECTOR = YES;
				GCC_WARN_UNINITIALIZED_AUTOS = YES_AGGRESSIVE;
				GCC_WARN_UNUSED_FUNCTION = YES;
				GCC_WARN_UNUSED_VARIABLE = YES;
				IPHONEOS_DEPLOYMENT_TARGET = 12.2;
				MTL_ENABLE_DEBUG_INFO = INCLUDE_SOURCE;
				MTL_FAST_MATH = YES;
				ONLY_ACTIVE_ARCH = YES;
				SDKROOT = iphoneos;
				SWIFT_ACTIVE_COMPILATION_CONDITIONS = DEBUG;
				SWIFT_OPTIMIZATION_LEVEL = "-Onone";
			};
			name = Debug;
		};
		524EA76022C8E99400ED1392 /* Release */ = {
			isa = XCBuildConfiguration;
			buildSettings = {
				ALWAYS_SEARCH_USER_PATHS = NO;
				CLANG_ANALYZER_NONNULL = YES;
				CLANG_ANALYZER_NUMBER_OBJECT_CONVERSION = YES_AGGRESSIVE;
				CLANG_CXX_LANGUAGE_STANDARD = "gnu++14";
				CLANG_CXX_LIBRARY = "libc++";
				CLANG_ENABLE_MODULES = YES;
				CLANG_ENABLE_OBJC_ARC = YES;
				CLANG_ENABLE_OBJC_WEAK = YES;
				CLANG_WARN_BLOCK_CAPTURE_AUTORELEASING = YES;
				CLANG_WARN_BOOL_CONVERSION = YES;
				CLANG_WARN_COMMA = YES;
				CLANG_WARN_CONSTANT_CONVERSION = YES;
				CLANG_WARN_DEPRECATED_OBJC_IMPLEMENTATIONS = YES;
				CLANG_WARN_DIRECT_OBJC_ISA_USAGE = YES_ERROR;
				CLANG_WARN_DOCUMENTATION_COMMENTS = YES;
				CLANG_WARN_EMPTY_BODY = YES;
				CLANG_WARN_ENUM_CONVERSION = YES;
				CLANG_WARN_INFINITE_RECURSION = YES;
				CLANG_WARN_INT_CONVERSION = YES;
				CLANG_WARN_NON_LITERAL_NULL_CONVERSION = YES;
				CLANG_WARN_OBJC_IMPLICIT_RETAIN_SELF = YES;
				CLANG_WARN_OBJC_LITERAL_CONVERSION = YES;
				CLANG_WARN_OBJC_ROOT_CLASS = YES_ERROR;
				CLANG_WARN_RANGE_LOOP_ANALYSIS = YES;
				CLANG_WARN_STRICT_PROTOTYPES = YES;
				CLANG_WARN_SUSPICIOUS_MOVE = YES;
				CLANG_WARN_UNGUARDED_AVAILABILITY = YES_AGGRESSIVE;
				CLANG_WARN_UNREACHABLE_CODE = YES;
				CLANG_WARN__DUPLICATE_METHOD_MATCH = YES;
				CODE_SIGN_IDENTITY = "iPhone Developer";
				COPY_PHASE_STRIP = NO;
				DEBUG_INFORMATION_FORMAT = "dwarf-with-dsym";
				ENABLE_NS_ASSERTIONS = NO;
				ENABLE_STRICT_OBJC_MSGSEND = YES;
				GCC_C_LANGUAGE_STANDARD = gnu11;
				GCC_NO_COMMON_BLOCKS = YES;
				GCC_WARN_64_TO_32_BIT_CONVERSION = YES;
				GCC_WARN_ABOUT_RETURN_TYPE = YES_ERROR;
				GCC_WARN_UNDECLARED_SELECTOR = YES;
				GCC_WARN_UNINITIALIZED_AUTOS = YES_AGGRESSIVE;
				GCC_WARN_UNUSED_FUNCTION = YES;
				GCC_WARN_UNUSED_VARIABLE = YES;
				IPHONEOS_DEPLOYMENT_TARGET = 12.2;
				MTL_ENABLE_DEBUG_INFO = NO;
				MTL_FAST_MATH = YES;
				SDKROOT = iphoneos;
				SWIFT_COMPILATION_MODE = wholemodule;
				SWIFT_OPTIMIZATION_LEVEL = "-O";
				VALIDATE_PRODUCT = YES;
			};
			name = Release;
		};
		524EA76222C8E99400ED1392 /* Debug */ = {
			isa = XCBuildConfiguration;
			buildSettings = {
				ASSETCATALOG_COMPILER_APPICON_NAME = AppIcon;
				CODE_SIGN_STYLE = Automatic;
				DEVELOPMENT_TEAM = V5WSPBANFJ;
				INFOPLIST_FILE = "アプリ/Info.plist";
				LD_RUNPATH_SEARCH_PATHS = (
					"$(inherited)",
					"@executable_path/Frameworks",
				);
				PRODUCT_BUNDLE_IDENTIFIER = "jp.techademy.taro.kirameki.----";
				PRODUCT_NAME = "$(TARGET_NAME)";
				SWIFT_VERSION = 5.0;
				TARGETED_DEVICE_FAMILY = "1,2";
			};
			name = Debug;
		};
		524EA76322C8E99400ED1392 /* Release */ = {
			isa = XCBuildConfiguration;
			buildSettings = {
				ASSETCATALOG_COMPILER_APPICON_NAME = AppIcon;
				CODE_SIGN_STYLE = Automatic;
				DEVELOPMENT_TEAM = V5WSPBANFJ;
				INFOPLIST_FILE = "アプリ/Info.plist";
				LD_RUNPATH_SEARCH_PATHS = (
					"$(inherited)",
					"@executable_path/Frameworks",
				);
				PRODUCT_BUNDLE_IDENTIFIER = "jp.techademy.taro.kirameki.----";
				PRODUCT_NAME = "$(TARGET_NAME)";
				SWIFT_VERSION = 5.0;
				TARGETED_DEVICE_FAMILY = "1,2";
			};
			name = Release;
		};
		524EA76522C8E99400ED1392 /* Debug */ = {
			isa = XCBuildConfiguration;
			buildSettings = {
				ALWAYS_EMBED_SWIFT_STANDARD_LIBRARIES = YES;
				BUNDLE_LOADER = "$(TEST_HOST)";
				CODE_SIGN_STYLE = Automatic;
				INFOPLIST_FILE = "アプリTests/Info.plist";
				LD_RUNPATH_SEARCH_PATHS = (
					"$(inherited)",
					"@executable_path/Frameworks",
					"@loader_path/Frameworks",
				);
				PRODUCT_BUNDLE_IDENTIFIER = "jp.techademy.taro.kirameki.----Tests";
				PRODUCT_NAME = "$(TARGET_NAME)";
				SWIFT_VERSION = 5.0;
				TARGETED_DEVICE_FAMILY = "1,2";
				TEST_HOST = "$(BUILT_PRODUCTS_DIR)/アプリ.app/アプリ";
			};
			name = Debug;
		};
		524EA76622C8E99400ED1392 /* Release */ = {
			isa = XCBuildConfiguration;
			buildSettings = {
				ALWAYS_EMBED_SWIFT_STANDARD_LIBRARIES = YES;
				BUNDLE_LOADER = "$(TEST_HOST)";
				CODE_SIGN_STYLE = Automatic;
				INFOPLIST_FILE = "アプリTests/Info.plist";
				LD_RUNPATH_SEARCH_PATHS = (
					"$(inherited)",
					"@executable_path/Frameworks",
					"@loader_path/Frameworks",
				);
				PRODUCT_BUNDLE_IDENTIFIER = "jp.techademy.taro.kirameki.----Tests";
				PRODUCT_NAME = "$(TARGET_NAME)";
				SWIFT_VERSION = 5.0;
				TARGETED_DEVICE_FAMILY = "1,2";
				TEST_HOST = "$(BUILT_PRODUCTS_DIR)/アプリ.app/アプリ";
			};
			name = Release;
		};
		524EA76822C8E99400ED1392 /* Debug */ = {
			isa = XCBuildConfiguration;
			buildSettings = {
				ALWAYS_EMBED_SWIFT_STANDARD_LIBRARIES = YES;
				CODE_SIGN_STYLE = Automatic;
				INFOPLIST_FILE = "アプリUITests/Info.plist";
				LD_RUNPATH_SEARCH_PATHS = (
					"$(inherited)",
					"@executable_path/Frameworks",
					"@loader_path/Frameworks",
				);
				PRODUCT_BUNDLE_IDENTIFIER = "jp.techademy.taro.kirameki.----UITests";
				PRODUCT_NAME = "$(TARGET_NAME)";
				SWIFT_VERSION = 5.0;
				TARGETED_DEVICE_FAMILY = "1,2";
				TEST_TARGET_NAME = "アプリ";
			};
			name = Debug;
		};
		524EA76922C8E99400ED1392 /* Release */ = {
			isa = XCBuildConfiguration;
			buildSettings = {
				ALWAYS_EMBED_SWIFT_STANDARD_LIBRARIES = YES;
				CODE_SIGN_STYLE = Automatic;
				INFOPLIST_FILE = "アプリUITests/Info.plist";
				LD_RUNPATH_SEARCH_PATHS = (
					"$(inherited)",
					"@executable_path/Frameworks",
					"@loader_path/Frameworks",
				);
				PRODUCT_BUNDLE_IDENTIFIER = "jp.techademy.taro.kirameki.----UITests";
				PRODUCT_NAME = "$(TARGET_NAME)";
				SWIFT_VERSION = 5.0;
				TARGETED_DEVICE_FAMILY = "1,2";
				TEST_TARGET_NAME = "アプリ";
			};
			name = Release;
		};
/* End XCBuildConfiguration section */

/* Begin XCConfigurationList section */
		524EA73422C8E99300ED1392 /* Build configuration list for PBXProject "アプリ" */ = {
			isa = XCConfigurationList;
			buildConfigurations = (
				524EA75F22C8E99400ED1392 /* Debug */,
				524EA76022C8E99400ED1392 /* Release */,
			);
			defaultConfigurationIsVisible = 0;
			defaultConfigurationName = Release;
		};
		524EA76122C8E99400ED1392 /* Build configuration list for PBXNativeTarget "アプリ" */ = {
			isa = XCConfigurationList;
			buildConfigurations = (
				524EA76222C8E99400ED1392 /* Debug */,
				524EA76322C8E99400ED1392 /* Release */,
			);
			defaultConfigurationIsVisible = 0;
			defaultConfigurationName = Release;
		};
		524EA76422C8E99400ED1392 /* Build configuration list for PBXNativeTarget "アプリTests" */ = {
			isa = XCConfigurationList;
			buildConfigurations = (
				524EA76522C8E99400ED1392 /* Debug */,
				524EA76622C8E99400ED1392 /* Release */,
			);
			defaultConfigurationIsVisible = 0;
			defaultConfigurationName = Release;
		};
		524EA76722C8E99400ED1392 /* Build configuration list for PBXNativeTarget "アプリUITests" */ = {
			isa = XCConfigurationList;
			buildConfigurations = (
				524EA76822C8E99400ED1392 /* Debug */,
				524EA76922C8E99400ED1392 /* Release */,
			);
			defaultConfigurationIsVisible = 0;
			defaultConfigurationName = Release;
		};
/* End XCConfigurationList section */
	};
	rootObject = 524EA73122C8E99300ED1392 /* Project object */;
}
